// !$*UTF8*$!
{
	archiveVersion = 1;
	classes = {
	};
	objectVersion = 55;
	objects = {

/* Begin PBXBuildFile section */
		1A1A0FCE28D0B2CD001CDDAE /* LiveActivitiesApp.swift in Sources */ = {isa = PBXBuildFile; fileRef = 1A1A0FCD28D0B2CD001CDDAE /* LiveActivitiesApp.swift */; };
		1A1A0FD028D0B2CD001CDDAE /* ContentView.swift in Sources */ = {isa = PBXBuildFile; fileRef = 1A1A0FCF28D0B2CD001CDDAE /* ContentView.swift */; };
		1A1A0FD228D0B2D1001CDDAE /* Assets.xcassets in Resources */ = {isa = PBXBuildFile; fileRef = 1A1A0FD128D0B2D1001CDDAE /* Assets.xcassets */; };
		1A1A0FD528D0B2D1001CDDAE /* Preview Assets.xcassets in Resources */ = {isa = PBXBuildFile; fileRef = 1A1A0FD428D0B2D1001CDDAE /* Preview Assets.xcassets */; };
		1A1A0FE228D0B2FD001CDDAE /* WidgetKit.framework in Frameworks */ = {isa = PBXBuildFile; fileRef = 1A1A0FE128D0B2FD001CDDAE /* WidgetKit.framework */; };
		1A1A0FE428D0B2FD001CDDAE /* SwiftUI.framework in Frameworks */ = {isa = PBXBuildFile; fileRef = 1A1A0FE328D0B2FD001CDDAE /* SwiftUI.framework */; };
		1A1A0FE728D0B2FD001CDDAE /* OrderStatus.swift in Sources */ = {isa = PBXBuildFile; fileRef = 1A1A0FE628D0B2FD001CDDAE /* OrderStatus.swift */; };
		1A1A0FEA28D0B2FF001CDDAE /* Assets.xcassets in Resources */ = {isa = PBXBuildFile; fileRef = 1A1A0FE928D0B2FF001CDDAE /* Assets.xcassets */; };
		1A1A0FEC28D0B2FF001CDDAE /* OrderStatus.intentdefinition in Sources */ = {isa = PBXBuildFile; fileRef = 1A1A0FE828D0B2FD001CDDAE /* OrderStatus.intentdefinition */; };
		1A1A0FED28D0B2FF001CDDAE /* OrderStatus.intentdefinition in Sources */ = {isa = PBXBuildFile; fileRef = 1A1A0FE828D0B2FD001CDDAE /* OrderStatus.intentdefinition */; };
		1A1A0FF028D0B2FF001CDDAE /* OrderStatusExtension.appex in Embed App Extensions */ = {isa = PBXBuildFile; fileRef = 1A1A0FDF28D0B2FD001CDDAE /* OrderStatusExtension.appex */; settings = {ATTRIBUTES = (RemoveHeadersOnCopy, ); }; };
		1AE2A56928D0C142001B1A5C /* OrderAttributes.swift in Sources */ = {isa = PBXBuildFile; fileRef = 1AE2A56828D0C141001B1A5C /* OrderAttributes.swift */; };
		1AE2A56A28D0C153001B1A5C /* OrderAttributes.swift in Sources */ = {isa = PBXBuildFile; fileRef = 1AE2A56828D0C141001B1A5C /* OrderAttributes.swift */; };
		26D33E5F34710519D35F5483 /* Pods_LiveActivities.framework in Frameworks */ = {isa = PBXBuildFile; fileRef = 5E340982B3E68DE728B06D92 /* Pods_LiveActivities.framework */; };
		F6D05EB6A99D3A806AF4BD73 /* Pods_OrderStatusExtension.framework in Frameworks */ = {isa = PBXBuildFile; fileRef = BC8CFAB8FFAEBF85464643F1 /* Pods_OrderStatusExtension.framework */; };
/* End PBXBuildFile section */

/* Begin PBXContainerItemProxy section */
		1A1A0FEE28D0B2FF001CDDAE /* PBXContainerItemProxy */ = {
			isa = PBXContainerItemProxy;
			containerPortal = 1A1A0FC228D0B2CD001CDDAE /* Project object */;
			proxyType = 1;
			remoteGlobalIDString = 1A1A0FDE28D0B2FD001CDDAE;
			remoteInfo = OrderStatusExtension;
		};
/* End PBXContainerItemProxy section */

/* Begin PBXCopyFilesBuildPhase section */
		1A1A0FF428D0B2FF001CDDAE /* Embed App Extensions */ = {
			isa = PBXCopyFilesBuildPhase;
			buildActionMask = 2147483647;
			dstPath = "";
			dstSubfolderSpec = 13;
			files = (
				1A1A0FF028D0B2FF001CDDAE /* OrderStatusExtension.appex in Embed App Extensions */,
			);
			name = "Embed App Extensions";
			runOnlyForDeploymentPostprocessing = 0;
		};
/* End PBXCopyFilesBuildPhase section */

/* Begin PBXFileReference section */
		088F9F2C5DF72C361E25B840 /* Pods-LiveActivities.debug.xcconfig */ = {isa = PBXFileReference; includeInIndex = 1; lastKnownFileType = text.xcconfig; name = "Pods-LiveActivities.debug.xcconfig"; path = "Target Support Files/Pods-LiveActivities/Pods-LiveActivities.debug.xcconfig"; sourceTree = "<group>"; };
		1A1A0FCA28D0B2CD001CDDAE /* LiveActivities.app */ = {isa = PBXFileReference; explicitFileType = wrapper.application; includeInIndex = 0; path = LiveActivities.app; sourceTree = BUILT_PRODUCTS_DIR; };
		1A1A0FCD28D0B2CD001CDDAE /* LiveActivitiesApp.swift */ = {isa = PBXFileReference; lastKnownFileType = sourcecode.swift; path = LiveActivitiesApp.swift; sourceTree = "<group>"; };
		1A1A0FCF28D0B2CD001CDDAE /* ContentView.swift */ = {isa = PBXFileReference; lastKnownFileType = sourcecode.swift; path = ContentView.swift; sourceTree = "<group>"; };
		1A1A0FD128D0B2D1001CDDAE /* Assets.xcassets */ = {isa = PBXFileReference; lastKnownFileType = folder.assetcatalog; path = Assets.xcassets; sourceTree = "<group>"; };
		1A1A0FD428D0B2D1001CDDAE /* Preview Assets.xcassets */ = {isa = PBXFileReference; lastKnownFileType = folder.assetcatalog; path = "Preview Assets.xcassets"; sourceTree = "<group>"; };
		1A1A0FDF28D0B2FD001CDDAE /* OrderStatusExtension.appex */ = {isa = PBXFileReference; explicitFileType = "wrapper.app-extension"; includeInIndex = 0; path = OrderStatusExtension.appex; sourceTree = BUILT_PRODUCTS_DIR; };
		1A1A0FE128D0B2FD001CDDAE /* WidgetKit.framework */ = {isa = PBXFileReference; lastKnownFileType = wrapper.framework; name = WidgetKit.framework; path = System/Library/Frameworks/WidgetKit.framework; sourceTree = SDKROOT; };
		1A1A0FE328D0B2FD001CDDAE /* SwiftUI.framework */ = {isa = PBXFileReference; lastKnownFileType = wrapper.framework; name = SwiftUI.framework; path = System/Library/Frameworks/SwiftUI.framework; sourceTree = SDKROOT; };
		1A1A0FE628D0B2FD001CDDAE /* OrderStatus.swift */ = {isa = PBXFileReference; lastKnownFileType = sourcecode.swift; path = OrderStatus.swift; sourceTree = "<group>"; };
		1A1A0FE828D0B2FD001CDDAE /* OrderStatus.intentdefinition */ = {isa = PBXFileReference; lastKnownFileType = file.intentdefinition; path = OrderStatus.intentdefinition; sourceTree = "<group>"; };
		1A1A0FE928D0B2FF001CDDAE /* Assets.xcassets */ = {isa = PBXFileReference; lastKnownFileType = folder.assetcatalog; path = Assets.xcassets; sourceTree = "<group>"; };
		1A1A0FEB28D0B2FF001CDDAE /* Info.plist */ = {isa = PBXFileReference; lastKnownFileType = text.plist.xml; path = Info.plist; sourceTree = "<group>"; };
		1AE2A56828D0C141001B1A5C /* OrderAttributes.swift */ = {isa = PBXFileReference; lastKnownFileType = sourcecode.swift; path = OrderAttributes.swift; sourceTree = "<group>"; };
		1AE2A56B28D1DEDA001B1A5C /* Info.plist */ = {isa = PBXFileReference; lastKnownFileType = text.plist; path = Info.plist; sourceTree = "<group>"; };
		5E340982B3E68DE728B06D92 /* Pods_LiveActivities.framework */ = {isa = PBXFileReference; explicitFileType = wrapper.framework; includeInIndex = 0; path = Pods_LiveActivities.framework; sourceTree = BUILT_PRODUCTS_DIR; };
		6AB0C6BA01D8F989BABD5E5F /* Pods-LiveActivities.release.xcconfig */ = {isa = PBXFileReference; includeInIndex = 1; lastKnownFileType = text.xcconfig; name = "Pods-LiveActivities.release.xcconfig"; path = "Target Support Files/Pods-LiveActivities/Pods-LiveActivities.release.xcconfig"; sourceTree = "<group>"; };
		BC8CFAB8FFAEBF85464643F1 /* Pods_OrderStatusExtension.framework */ = {isa = PBXFileReference; explicitFileType = wrapper.framework; includeInIndex = 0; path = Pods_OrderStatusExtension.framework; sourceTree = BUILT_PRODUCTS_DIR; };
		CA7A718529190FF276301C80 /* Pods-OrderStatusExtension.debug.xcconfig */ = {isa = PBXFileReference; includeInIndex = 1; lastKnownFileType = text.xcconfig; name = "Pods-OrderStatusExtension.debug.xcconfig"; path = "Target Support Files/Pods-OrderStatusExtension/Pods-OrderStatusExtension.debug.xcconfig"; sourceTree = "<group>"; };
		F1C38B184376FFEF03184A96 /* Pods-OrderStatusExtension.release.xcconfig */ = {isa = PBXFileReference; includeInIndex = 1; lastKnownFileType = text.xcconfig; name = "Pods-OrderStatusExtension.release.xcconfig"; path = "Target Support Files/Pods-OrderStatusExtension/Pods-OrderStatusExtension.release.xcconfig"; sourceTree = "<group>"; };
/* End PBXFileReference section */

/* Begin PBXFrameworksBuildPhase section */
		1A1A0FC728D0B2CD001CDDAE /* Frameworks */ = {
			isa = PBXFrameworksBuildPhase;
			buildActionMask = 2147483647;
			files = (
				26D33E5F34710519D35F5483 /* Pods_LiveActivities.framework in Frameworks */,
			);
			runOnlyForDeploymentPostprocessing = 0;
		};
		1A1A0FDC28D0B2FD001CDDAE /* Frameworks */ = {
			isa = PBXFrameworksBuildPhase;
			buildActionMask = 2147483647;
			files = (
				1A1A0FE428D0B2FD001CDDAE /* SwiftUI.framework in Frameworks */,
				1A1A0FE228D0B2FD001CDDAE /* WidgetKit.framework in Frameworks */,
				F6D05EB6A99D3A806AF4BD73 /* Pods_OrderStatusExtension.framework in Frameworks */,
			);
			runOnlyForDeploymentPostprocessing = 0;
		};
/* End PBXFrameworksBuildPhase section */

/* Begin PBXGroup section */
		16FAC78D77E17352A59AF2E7 /* Pods */ = {
			isa = PBXGroup;
			children = (
				088F9F2C5DF72C361E25B840 /* Pods-LiveActivities.debug.xcconfig */,
				6AB0C6BA01D8F989BABD5E5F /* Pods-LiveActivities.release.xcconfig */,
				CA7A718529190FF276301C80 /* Pods-OrderStatusExtension.debug.xcconfig */,
				F1C38B184376FFEF03184A96 /* Pods-OrderStatusExtension.release.xcconfig */,
			);
			path = Pods;
			sourceTree = "<group>";
		};
		1A1A0FC128D0B2CD001CDDAE = {
			isa = PBXGroup;
			children = (
				1A1A0FCC28D0B2CD001CDDAE /* LiveActivities */,
				1A1A0FE528D0B2FD001CDDAE /* OrderStatus */,
				1A1A0FE028D0B2FD001CDDAE /* Frameworks */,
				1A1A0FCB28D0B2CD001CDDAE /* Products */,
				16FAC78D77E17352A59AF2E7 /* Pods */,
			);
			sourceTree = "<group>";
		};
		1A1A0FCB28D0B2CD001CDDAE /* Products */ = {
			isa = PBXGroup;
			children = (
				1A1A0FCA28D0B2CD001CDDAE /* LiveActivities.app */,
				1A1A0FDF28D0B2FD001CDDAE /* OrderStatusExtension.appex */,
			);
			name = Products;
			sourceTree = "<group>";
		};
		1A1A0FCC28D0B2CD001CDDAE /* LiveActivities */ = {
			isa = PBXGroup;
			children = (
				1AE2A56B28D1DEDA001B1A5C /* Info.plist */,
				1AE2A56728D0C126001B1A5C /* Model */,
				1A1A0FCD28D0B2CD001CDDAE /* LiveActivitiesApp.swift */,
				1A1A0FCF28D0B2CD001CDDAE /* ContentView.swift */,
				1A1A0FD128D0B2D1001CDDAE /* Assets.xcassets */,
				1A1A0FD328D0B2D1001CDDAE /* Preview Content */,
			);
			path = LiveActivities;
			sourceTree = "<group>";
		};
		1A1A0FD328D0B2D1001CDDAE /* Preview Content */ = {
			isa = PBXGroup;
			children = (
				1A1A0FD428D0B2D1001CDDAE /* Preview Assets.xcassets */,
			);
			path = "Preview Content";
			sourceTree = "<group>";
		};
		1A1A0FE028D0B2FD001CDDAE /* Frameworks */ = {
			isa = PBXGroup;
			children = (
				1A1A0FE128D0B2FD001CDDAE /* WidgetKit.framework */,
				1A1A0FE328D0B2FD001CDDAE /* SwiftUI.framework */,
				5E340982B3E68DE728B06D92 /* Pods_LiveActivities.framework */,
				BC8CFAB8FFAEBF85464643F1 /* Pods_OrderStatusExtension.framework */,
			);
			name = Frameworks;
			sourceTree = "<group>";
		};
		1A1A0FE528D0B2FD001CDDAE /* OrderStatus */ = {
			isa = PBXGroup;
			children = (
				1A1A0FE628D0B2FD001CDDAE /* OrderStatus.swift */,
				1A1A0FE828D0B2FD001CDDAE /* OrderStatus.intentdefinition */,
				1A1A0FE928D0B2FF001CDDAE /* Assets.xcassets */,
				1A1A0FEB28D0B2FF001CDDAE /* Info.plist */,
			);
			path = OrderStatus;
			sourceTree = "<group>";
		};
		1AE2A56728D0C126001B1A5C /* Model */ = {
			isa = PBXGroup;
			children = (
				1AE2A56828D0C141001B1A5C /* OrderAttributes.swift */,
			);
			path = Model;
			sourceTree = "<group>";
		};
/* End PBXGroup section */

/* Begin PBXNativeTarget section */
		1A1A0FC928D0B2CD001CDDAE /* LiveActivities */ = {
			isa = PBXNativeTarget;
			buildConfigurationList = 1A1A0FD828D0B2D1001CDDAE /* Build configuration list for PBXNativeTarget "LiveActivities" */;
			buildPhases = (
				E87E1EAF8A14BC23B413E7CF /* [CP] Check Pods Manifest.lock */,
				1A1A0FC628D0B2CD001CDDAE /* Sources */,
				1A1A0FC728D0B2CD001CDDAE /* Frameworks */,
				1A1A0FC828D0B2CD001CDDAE /* Resources */,
				1A1A0FF428D0B2FF001CDDAE /* Embed App Extensions */,
				3CB1BC45BE64E19FBCC88AEB /* [CP] Embed Pods Frameworks */,
			);
			buildRules = (
			);
			dependencies = (
				1A1A0FEF28D0B2FF001CDDAE /* PBXTargetDependency */,
			);
			name = LiveActivities;
			productName = LiveActivities;
			productReference = 1A1A0FCA28D0B2CD001CDDAE /* LiveActivities.app */;
			productType = "com.apple.product-type.application";
		};
		1A1A0FDE28D0B2FD001CDDAE /* OrderStatusExtension */ = {
			isa = PBXNativeTarget;
			buildConfigurationList = 1A1A0FF128D0B2FF001CDDAE /* Build configuration list for PBXNativeTarget "OrderStatusExtension" */;
			buildPhases = (
				82100FFAC60D2FC24503924E /* [CP] Check Pods Manifest.lock */,
				1A1A0FDB28D0B2FD001CDDAE /* Sources */,
				1A1A0FDC28D0B2FD001CDDAE /* Frameworks */,
				1A1A0FDD28D0B2FD001CDDAE /* Resources */,
			);
			buildRules = (
			);
			dependencies = (
			);
			name = OrderStatusExtension;
			productName = OrderStatusExtension;
			productReference = 1A1A0FDF28D0B2FD001CDDAE /* OrderStatusExtension.appex */;
			productType = "com.apple.product-type.app-extension";
		};
/* End PBXNativeTarget section */

/* Begin PBXProject section */
		1A1A0FC228D0B2CD001CDDAE /* Project object */ = {
			isa = PBXProject;
			attributes = {
				BuildIndependentTargetsInParallel = 1;
				LastSwiftUpdateCheck = 1340;
				LastUpgradeCheck = 1340;
				TargetAttributes = {
					1A1A0FC928D0B2CD001CDDAE = {
						CreatedOnToolsVersion = 13.4.1;
					};
					1A1A0FDE28D0B2FD001CDDAE = {
						CreatedOnToolsVersion = 13.4.1;
					};
				};
			};
			buildConfigurationList = 1A1A0FC528D0B2CD001CDDAE /* Build configuration list for PBXProject "LiveActivities" */;
			compatibilityVersion = "Xcode 13.0";
			developmentRegion = en;
			hasScannedForEncodings = 0;
			knownRegions = (
				en,
				Base,
			);
			mainGroup = 1A1A0FC128D0B2CD001CDDAE;
			productRefGroup = 1A1A0FCB28D0B2CD001CDDAE /* Products */;
			projectDirPath = "";
			projectRoot = "";
			targets = (
				1A1A0FC928D0B2CD001CDDAE /* LiveActivities */,
				1A1A0FDE28D0B2FD001CDDAE /* OrderStatusExtension */,
			);
		};
/* End PBXProject section */

/* Begin PBXResourcesBuildPhase section */
		1A1A0FC828D0B2CD001CDDAE /* Resources */ = {
			isa = PBXResourcesBuildPhase;
			buildActionMask = 2147483647;
			files = (
				1A1A0FD528D0B2D1001CDDAE /* Preview Assets.xcassets in Resources */,
				1A1A0FD228D0B2D1001CDDAE /* Assets.xcassets in Resources */,
			);
			runOnlyForDeploymentPostprocessing = 0;
		};
		1A1A0FDD28D0B2FD001CDDAE /* Resources */ = {
			isa = PBXResourcesBuildPhase;
			buildActionMask = 2147483647;
			files = (
				1A1A0FEA28D0B2FF001CDDAE /* Assets.xcassets in Resources */,
			);
			runOnlyForDeploymentPostprocessing = 0;
		};
/* End PBXResourcesBuildPhase section */

/* Begin PBXShellScriptBuildPhase section */
		3CB1BC45BE64E19FBCC88AEB /* [CP] Embed Pods Frameworks */ = {
			isa = PBXShellScriptBuildPhase;
			buildActionMask = 2147483647;
			files = (
			);
			inputFileListPaths = (
				"${PODS_ROOT}/Target Support Files/Pods-LiveActivities/Pods-LiveActivities-frameworks-${CONFIGURATION}-input-files.xcfilelist",
			);
			name = "[CP] Embed Pods Frameworks";
			outputFileListPaths = (
				"${PODS_ROOT}/Target Support Files/Pods-LiveActivities/Pods-LiveActivities-frameworks-${CONFIGURATION}-output-files.xcfilelist",
			);
			runOnlyForDeploymentPostprocessing = 0;
			shellPath = /bin/sh;
			shellScript = "\"${PODS_ROOT}/Target Support Files/Pods-LiveActivities/Pods-LiveActivities-frameworks.sh\"\n";
			showEnvVarsInLog = 0;
		};
		82100FFAC60D2FC24503924E /* [CP] Check Pods Manifest.lock */ = {
			isa = PBXShellScriptBuildPhase;
			buildActionMask = 2147483647;
			files = (
			);
			inputFileListPaths = (
			);
			inputPaths = (
				"${PODS_PODFILE_DIR_PATH}/Podfile.lock",
				"${PODS_ROOT}/Manifest.lock",
			);
			name = "[CP] Check Pods Manifest.lock";
			outputFileListPaths = (
			);
			outputPaths = (
				"$(DERIVED_FILE_DIR)/Pods-OrderStatusExtension-checkManifestLockResult.txt",
			);
			runOnlyForDeploymentPostprocessing = 0;
			shellPath = /bin/sh;
			shellScript = "diff \"${PODS_PODFILE_DIR_PATH}/Podfile.lock\" \"${PODS_ROOT}/Manifest.lock\" > /dev/null\nif [ $? != 0 ] ; then\n    # print error to STDERR\n    echo \"error: The sandbox is not in sync with the Podfile.lock. Run 'pod install' or update your CocoaPods installation.\" >&2\n    exit 1\nfi\n# This output is used by Xcode 'outputs' to avoid re-running this script phase.\necho \"SUCCESS\" > \"${SCRIPT_OUTPUT_FILE_0}\"\n";
			showEnvVarsInLog = 0;
		};
		E87E1EAF8A14BC23B413E7CF /* [CP] Check Pods Manifest.lock */ = {
			isa = PBXShellScriptBuildPhase;
			buildActionMask = 2147483647;
			files = (
			);
			inputFileListPaths = (
			);
			inputPaths = (
				"${PODS_PODFILE_DIR_PATH}/Podfile.lock",
				"${PODS_ROOT}/Manifest.lock",
			);
			name = "[CP] Check Pods Manifest.lock";
			outputFileListPaths = (
			);
			outputPaths = (
				"$(DERIVED_FILE_DIR)/Pods-LiveActivities-checkManifestLockResult.txt",
			);
			runOnlyForDeploymentPostprocessing = 0;
			shellPath = /bin/sh;
			shellScript = "diff \"${PODS_PODFILE_DIR_PATH}/Podfile.lock\" \"${PODS_ROOT}/Manifest.lock\" > /dev/null\nif [ $? != 0 ] ; then\n    # print error to STDERR\n    echo \"error: The sandbox is not in sync with the Podfile.lock. Run 'pod install' or update your CocoaPods installation.\" >&2\n    exit 1\nfi\n# This output is used by Xcode 'outputs' to avoid re-running this script phase.\necho \"SUCCESS\" > \"${SCRIPT_OUTPUT_FILE_0}\"\n";
			showEnvVarsInLog = 0;
		};
/* End PBXShellScriptBuildPhase section */

/* Begin PBXSourcesBuildPhase section */
		1A1A0FC628D0B2CD001CDDAE /* Sources */ = {
			isa = PBXSourcesBuildPhase;
			buildActionMask = 2147483647;
			files = (
				1A1A0FED28D0B2FF001CDDAE /* OrderStatus.intentdefinition in Sources */,
				1A1A0FD028D0B2CD001CDDAE /* ContentView.swift in Sources */,
				1A1A0FCE28D0B2CD001CDDAE /* LiveActivitiesApp.swift in Sources */,
				1AE2A56928D0C142001B1A5C /* OrderAttributes.swift in Sources */,
			);
			runOnlyForDeploymentPostprocessing = 0;
		};
		1A1A0FDB28D0B2FD001CDDAE /* Sources */ = {
			isa = PBXSourcesBuildPhase;
			buildActionMask = 2147483647;
			files = (
				1AE2A56A28D0C153001B1A5C /* OrderAttributes.swift in Sources */,
				1A1A0FE728D0B2FD001CDDAE /* OrderStatus.swift in Sources */,
				1A1A0FEC28D0B2FF001CDDAE /* OrderStatus.intentdefinition in Sources */,
			);
			runOnlyForDeploymentPostprocessing = 0;
		};
/* End PBXSourcesBuildPhase section */

/* Begin PBXTargetDependency section */
		1A1A0FEF28D0B2FF001CDDAE /* PBXTargetDependency */ = {
			isa = PBXTargetDependency;
			target = 1A1A0FDE28D0B2FD001CDDAE /* OrderStatusExtension */;
			targetProxy = 1A1A0FEE28D0B2FF001CDDAE /* PBXContainerItemProxy */;
		};
/* End PBXTargetDependency section */

/* Begin XCBuildConfiguration section */
		1A1A0FD628D0B2D1001CDDAE /* Debug */ = {
			isa = XCBuildConfiguration;
			buildSettings = {
				ALWAYS_SEARCH_USER_PATHS = NO;
				CLANG_ANALYZER_NONNULL = YES;
				CLANG_ANALYZER_NUMBER_OBJECT_CONVERSION = YES_AGGRESSIVE;
				CLANG_CXX_LANGUAGE_STANDARD = "gnu++17";
				CLANG_ENABLE_MODULES = YES;
				CLANG_ENABLE_OBJC_ARC = YES;
				CLANG_ENABLE_OBJC_WEAK = YES;
				CLANG_WARN_BLOCK_CAPTURE_AUTORELEASING = YES;
				CLANG_WARN_BOOL_CONVERSION = YES;
				CLANG_WARN_COMMA = YES;
				CLANG_WARN_CONSTANT_CONVERSION = YES;
				CLANG_WARN_DEPRECATED_OBJC_IMPLEMENTATIONS = YES;
				CLANG_WARN_DIRECT_OBJC_ISA_USAGE = YES_ERROR;
				CLANG_WARN_DOCUMENTATION_COMMENTS = YES;
				CLANG_WARN_EMPTY_BODY = YES;
				CLANG_WARN_ENUM_CONVERSION = YES;
				CLANG_WARN_INFINITE_RECURSION = YES;
				CLANG_WARN_INT_CONVERSION = YES;
				CLANG_WARN_NON_LITERAL_NULL_CONVERSION = YES;
				CLANG_WARN_OBJC_IMPLICIT_RETAIN_SELF = YES;
				CLANG_WARN_OBJC_LITERAL_CONVERSION = YES;
				CLANG_WARN_OBJC_ROOT_CLASS = YES_ERROR;
				CLANG_WARN_QUOTED_INCLUDE_IN_FRAMEWORK_HEADER = YES;
				CLANG_WARN_RANGE_LOOP_ANALYSIS = YES;
				CLANG_WARN_STRICT_PROTOTYPES = YES;
				CLANG_WARN_SUSPICIOUS_MOVE = YES;
				CLANG_WARN_UNGUARDED_AVAILABILITY = YES_AGGRESSIVE;
				CLANG_WARN_UNREACHABLE_CODE = YES;
				CLANG_WARN__DUPLICATE_METHOD_MATCH = YES;
				COPY_PHASE_STRIP = NO;
				DEBUG_INFORMATION_FORMAT = dwarf;
				ENABLE_STRICT_OBJC_MSGSEND = YES;
				ENABLE_TESTABILITY = YES;
				GCC_C_LANGUAGE_STANDARD = gnu11;
				GCC_DYNAMIC_NO_PIC = NO;
				GCC_NO_COMMON_BLOCKS = YES;
				GCC_OPTIMIZATION_LEVEL = 0;
				GCC_PREPROCESSOR_DEFINITIONS = (
					"DEBUG=1",
					"$(inherited)",
				);
				GCC_WARN_64_TO_32_BIT_CONVERSION = YES;
				GCC_WARN_ABOUT_RETURN_TYPE = YES_ERROR;
				GCC_WARN_UNDECLARED_SELECTOR = YES;
				GCC_WARN_UNINITIALIZED_AUTOS = YES_AGGRESSIVE;
				GCC_WARN_UNUSED_FUNCTION = YES;
				GCC_WARN_UNUSED_VARIABLE = YES;
				IPHONEOS_DEPLOYMENT_TARGET = 15.5;
				MTL_ENABLE_DEBUG_INFO = INCLUDE_SOURCE;
				MTL_FAST_MATH = YES;
				ONLY_ACTIVE_ARCH = YES;
				SDKROOT = iphoneos;
				SWIFT_ACTIVE_COMPILATION_CONDITIONS = DEBUG;
				SWIFT_OPTIMIZATION_LEVEL = "-Onone";
			};
			name = Debug;
		};
		1A1A0FD728D0B2D1001CDDAE /* Release */ = {
			isa = XCBuildConfiguration;
			buildSettings = {
				ALWAYS_SEARCH_USER_PATHS = NO;
				CLANG_ANALYZER_NONNULL = YES;
				CLANG_ANALYZER_NUMBER_OBJECT_CONVERSION = YES_AGGRESSIVE;
				CLANG_CXX_LANGUAGE_STANDARD = "gnu++17";
				CLANG_ENABLE_MODULES = YES;
				CLANG_ENABLE_OBJC_ARC = YES;
				CLANG_ENABLE_OBJC_WEAK = YES;
				CLANG_WARN_BLOCK_CAPTURE_AUTORELEASING = YES;
				CLANG_WARN_BOOL_CONVERSION = YES;
				CLANG_WARN_COMMA = YES;
				CLANG_WARN_CONSTANT_CONVERSION = YES;
				CLANG_WARN_DEPRECATED_OBJC_IMPLEMENTATIONS = YES;
				CLANG_WARN_DIRECT_OBJC_ISA_USAGE = YES_ERROR;
				CLANG_WARN_DOCUMENTATION_COMMENTS = YES;
				CLANG_WARN_EMPTY_BODY = YES;
				CLANG_WARN_ENUM_CONVERSION = YES;
				CLANG_WARN_INFINITE_RECURSION = YES;
				CLANG_WARN_INT_CONVERSION = YES;
				CLANG_WARN_NON_LITERAL_NULL_CONVERSION = YES;
				CLANG_WARN_OBJC_IMPLICIT_RETAIN_SELF = YES;
				CLANG_WARN_OBJC_LITERAL_CONVERSION = YES;
				CLANG_WARN_OBJC_ROOT_CLASS = YES_ERROR;
				CLANG_WARN_QUOTED_INCLUDE_IN_FRAMEWORK_HEADER = YES;
				CLANG_WARN_RANGE_LOOP_ANALYSIS = YES;
				CLANG_WARN_STRICT_PROTOTYPES = YES;
				CLANG_WARN_SUSPICIOUS_MOVE = YES;
				CLANG_WARN_UNGUARDED_AVAILABILITY = YES_AGGRESSIVE;
				CLANG_WARN_UNREACHABLE_CODE = YES;
				CLANG_WARN__DUPLICATE_METHOD_MATCH = YES;
				COPY_PHASE_STRIP = NO;
				DEBUG_INFORMATION_FORMAT = "dwarf-with-dsym";
				ENABLE_NS_ASSERTIONS = NO;
				ENABLE_STRICT_OBJC_MSGSEND = YES;
				GCC_C_LANGUAGE_STANDARD = gnu11;
				GCC_NO_COMMON_BLOCKS = YES;
				GCC_WARN_64_TO_32_BIT_CONVERSION = YES;
				GCC_WARN_ABOUT_RETURN_TYPE = YES_ERROR;
				GCC_WARN_UNDECLARED_SELECTOR = YES;
				GCC_WARN_UNINITIALIZED_AUTOS = YES_AGGRESSIVE;
				GCC_WARN_UNUSED_FUNCTION = YES;
				GCC_WARN_UNUSED_VARIABLE = YES;
				IPHONEOS_DEPLOYMENT_TARGET = 15.5;
				MTL_ENABLE_DEBUG_INFO = NO;
				MTL_FAST_MATH = YES;
				SDKROOT = iphoneos;
				SWIFT_COMPILATION_MODE = wholemodule;
				SWIFT_OPTIMIZATION_LEVEL = "-O";
				VALIDATE_PRODUCT = YES;
			};
			name = Release;
		};
		1A1A0FD928D0B2D1001CDDAE /* Debug */ = {
			isa = XCBuildConfiguration;
			baseConfigurationReference = 088F9F2C5DF72C361E25B840 /* Pods-LiveActivities.debug.xcconfig */;
			buildSettings = {
				ALWAYS_EMBED_SWIFT_STANDARD_LIBRARIES = YES;
				ASSETCATALOG_COMPILER_APPICON_NAME = AppIcon;
				ASSETCATALOG_COMPILER_GLOBAL_ACCENT_COLOR_NAME = AccentColor;
				CODE_SIGN_STYLE = Automatic;
				CURRENT_PROJECT_VERSION = 1;
				DEVELOPMENT_ASSET_PATHS = "\"LiveActivities/Preview Content\"";
				DEVELOPMENT_TEAM = 95N24W2PH8;
				ENABLE_PREVIEWS = YES;
				GENERATE_INFOPLIST_FILE = YES;
				INFOPLIST_FILE = LiveActivities/Info.plist;
				INFOPLIST_KEY_UIApplicationSceneManifest_Generation = YES;
				INFOPLIST_KEY_UIApplicationSupportsIndirectInputEvents = YES;
				INFOPLIST_KEY_UILaunchScreen_Generation = YES;
				INFOPLIST_KEY_UISupportedInterfaceOrientations_iPad = "UIInterfaceOrientationPortrait UIInterfaceOrientationPortraitUpsideDown UIInterfaceOrientationLandscapeLeft UIInterfaceOrientationLandscapeRight";
				INFOPLIST_KEY_UISupportedInterfaceOrientations_iPhone = "UIInterfaceOrientationPortrait UIInterfaceOrientationLandscapeLeft UIInterfaceOrientationLandscapeRight";
				IPHONEOS_DEPLOYMENT_TARGET = 16.0;
				LD_RUNPATH_SEARCH_PATHS = (
					"$(inherited)",
					"@executable_path/Frameworks",
				);
				MARKETING_VERSION = 1.0;
				PRODUCT_BUNDLE_IDENTIFIER = com.netmera.NetmeraApp;
				PRODUCT_NAME = "$(TARGET_NAME)";
				SWIFT_EMIT_LOC_STRINGS = YES;
				SWIFT_VERSION = 5.0;
				TARGETED_DEVICE_FAMILY = "1,2";
			};
			name = Debug;
		};
		1A1A0FDA28D0B2D1001CDDAE /* Release */ = {
			isa = XCBuildConfiguration;
			baseConfigurationReference = 6AB0C6BA01D8F989BABD5E5F /* Pods-LiveActivities.release.xcconfig */;
			buildSettings = {
				ALWAYS_EMBED_SWIFT_STANDARD_LIBRARIES = YES;
				ASSETCATALOG_COMPILER_APPICON_NAME = AppIcon;
				ASSETCATALOG_COMPILER_GLOBAL_ACCENT_COLOR_NAME = AccentColor;
				CODE_SIGN_STYLE = Automatic;
				CURRENT_PROJECT_VERSION = 1;
				DEVELOPMENT_ASSET_PATHS = "\"LiveActivities/Preview Content\"";
				DEVELOPMENT_TEAM = 95N24W2PH8;
				ENABLE_PREVIEWS = YES;
				GENERATE_INFOPLIST_FILE = YES;
				INFOPLIST_FILE = LiveActivities/Info.plist;
				INFOPLIST_KEY_UIApplicationSceneManifest_Generation = YES;
				INFOPLIST_KEY_UIApplicationSupportsIndirectInputEvents = YES;
				INFOPLIST_KEY_UILaunchScreen_Generation = YES;
				INFOPLIST_KEY_UISupportedInterfaceOrientations_iPad = "UIInterfaceOrientationPortrait UIInterfaceOrientationPortraitUpsideDown UIInterfaceOrientationLandscapeLeft UIInterfaceOrientationLandscapeRight";
				INFOPLIST_KEY_UISupportedInterfaceOrientations_iPhone = "UIInterfaceOrientationPortrait UIInterfaceOrientationLandscapeLeft UIInterfaceOrientationLandscapeRight";
				IPHONEOS_DEPLOYMENT_TARGET = 16.0;
				LD_RUNPATH_SEARCH_PATHS = (
					"$(inherited)",
					"@executable_path/Frameworks",
				);
				MARKETING_VERSION = 1.0;
				PRODUCT_BUNDLE_IDENTIFIER = com.netmera.NetmeraApp;
				PRODUCT_NAME = "$(TARGET_NAME)";
				SWIFT_EMIT_LOC_STRINGS = YES;
				SWIFT_VERSION = 5.0;
				TARGETED_DEVICE_FAMILY = "1,2";
			};
			name = Release;
		};
		1A1A0FF228D0B2FF001CDDAE /* Debug */ = {
			isa = XCBuildConfiguration;
			baseConfigurationReference = CA7A718529190FF276301C80 /* Pods-OrderStatusExtension.debug.xcconfig */;
			buildSettings = {
				ASSETCATALOG_COMPILER_GLOBAL_ACCENT_COLOR_NAME = AccentColor;
				ASSETCATALOG_COMPILER_WIDGET_BACKGROUND_COLOR_NAME = WidgetBackground;
				CODE_SIGN_STYLE = Automatic;
				CURRENT_PROJECT_VERSION = 1;
				DEVELOPMENT_TEAM = 95N24W2PH8;
				GENERATE_INFOPLIST_FILE = YES;
				INFOPLIST_FILE = OrderStatus/Info.plist;
				INFOPLIST_KEY_CFBundleDisplayName = OrderStatus;
				INFOPLIST_KEY_NSHumanReadableCopyright = "";
				IPHONEOS_DEPLOYMENT_TARGET = 16.0;
				LD_RUNPATH_SEARCH_PATHS = (
					"$(inherited)",
					"@executable_path/Frameworks",
					"@executable_path/../../Frameworks",
				);
				MARKETING_VERSION = 1.0;
				PRODUCT_BUNDLE_IDENTIFIER = com.netmera.NetmeraApp.OrderStatus;
				PRODUCT_NAME = "$(TARGET_NAME)";
				SKIP_INSTALL = YES;
				SWIFT_EMIT_LOC_STRINGS = YES;
				SWIFT_VERSION = 5.0;
				TARGETED_DEVICE_FAMILY = "1,2";
			};
			name = Debug;
		};
		1A1A0FF328D0B2FF001CDDAE /* Release */ = {
			isa = XCBuildConfiguration;
			baseConfigurationReference = F1C38B184376FFEF03184A96 /* Pods-OrderStatusExtension.release.xcconfig */;
			buildSettings = {
				ASSETCATALOG_COMPILER_GLOBAL_ACCENT_COLOR_NAME = AccentColor;
				ASSETCATALOG_COMPILER_WIDGET_BACKGROUND_COLOR_NAME = WidgetBackground;
				CODE_SIGN_STYLE = Automatic;
				CURRENT_PROJECT_VERSION = 1;
				DEVELOPMENT_TEAM = 95N24W2PH8;
				GENERATE_INFOPLIST_FILE = YES;
				INFOPLIST_FILE = OrderStatus/Info.plist;
				INFOPLIST_KEY_CFBundleDisplayName = OrderStatus;
				INFOPLIST_KEY_NSHumanReadableCopyright = "";
				IPHONEOS_DEPLOYMENT_TARGET = 16.0;
				LD_RUNPATH_SEARCH_PATHS = (
					"$(inherited)",
					"@executable_path/Frameworks",
					"@executable_path/../../Frameworks",
				);
				MARKETING_VERSION = 1.0;
				PRODUCT_BUNDLE_IDENTIFIER = com.netmera.NetmeraApp.OrderStatus;
				PRODUCT_NAME = "$(TARGET_NAME)";
				SKIP_INSTALL = YES;
				SWIFT_EMIT_LOC_STRINGS = YES;
				SWIFT_VERSION = 5.0;
				TARGETED_DEVICE_FAMILY = "1,2";
			};
			name = Release;
		};
/* End XCBuildConfiguration section */

/* Begin XCConfigurationList section */
		1A1A0FC528D0B2CD001CDDAE /* Build configuration list for PBXProject "LiveActivities" */ = {
			isa = XCConfigurationList;
			buildConfigurations = (
				1A1A0FD628D0B2D1001CDDAE /* Debug */,
				1A1A0FD728D0B2D1001CDDAE /* Release */,
			);
			defaultConfigurationIsVisible = 0;
			defaultConfigurationName = Release;
		};
		1A1A0FD828D0B2D1001CDDAE /* Build configuration list for PBXNativeTarget "LiveActivities" */ = {
			isa = XCConfigurationList;
			buildConfigurations = (
				1A1A0FD928D0B2D1001CDDAE /* Debug */,
				1A1A0FDA28D0B2D1001CDDAE /* Release */,
			);
			defaultConfigurationIsVisible = 0;
			defaultConfigurationName = Release;
		};
		1A1A0FF128D0B2FF001CDDAE /* Build configuration list for PBXNativeTarget "OrderStatusExtension" */ = {
			isa = XCConfigurationList;
			buildConfigurations = (
				1A1A0FF228D0B2FF001CDDAE /* Debug */,
				1A1A0FF328D0B2FF001CDDAE /* Release */,
			);
			defaultConfigurationIsVisible = 0;
			defaultConfigurationName = Release;
		};
/* End XCConfigurationList section */
	};
	rootObject = 1A1A0FC228D0B2CD001CDDAE /* Project object */;
}
